
Microsoft Visual Studio Solution File, Format Version 12.00
# Visual Studio 14
VisualStudioVersion = 14.0.25420.1
MinimumVisualStudioVersion = 10.0.40219.1
Project("{FAE04EC0-301F-11D3-BF4B-00C04F79EFBC}") = "TestRegex", "testRegex\TestRegex.csproj", "{6BE0371B-4DD6-4C02-9C87-CA23FD289C29}"
EndProject
Project("{FAE04EC0-301F-11D3-BF4B-00C04F79EFBC}") = "HttpRequest", "httprequest\HttpRequest.csproj", "{320AC051-08E4-4100-AE90-0C2DD3B3C209}"
EndProject
Project("{FAE04EC0-301F-11D3-BF4B-00C04F79EFBC}") = "Model", "Model\Model.csproj", "{31644CF6-6A91-4486-9F69-CEB9E85A825A}"
EndProject
Project("{FAE04EC0-301F-11D3-BF4B-00C04F79EFBC}") = "WebServiceApi", "WebServiceApi\WebServiceApi.csproj", "{4FD2DC0C-8B12-47DF-8A55-34A35FFC4DBA}"
EndProject
Project("{FAE04EC0-301F-11D3-BF4B-00C04F79EFBC}") = "ObjectOrientedProgrammingFoundation", "ObjectOrientedProgrammingFoundation\ObjectOrientedProgrammingFoundation.csproj", "{6574D4C5-F4F2-4237-AFD1-17B3B16C275B}"
EndProject
Project("{2150E333-8FDC-42A3-9474-1A3956D46DE8}") = "CSharpBase", "CSharpBase", "{CC6E3357-34B7-4500-82A5-C1ACEBDF6688}"
EndProject
Project("{2150E333-8FDC-42A3-9474-1A3956D46DE8}") = "Exercise", "Exercise", "{FC8B1195-D0C5-4897-8F3F-F9248C4CA00C}"
EndProject
Project("{FAE04EC0-301F-11D3-BF4B-00C04F79EFBC}") = "LamberExercise", "LamberExercise\LamberExercise.csproj", "{FBDDDEB4-EADB-49B2-9D12-6F931432E34C}"
EndProject
Project("{FAE04EC0-301F-11D3-BF4B-00C04F79EFBC}") = "Serialization", "Serialization\Serialization.csproj", "{FF603187-22F8-4CCD-B404-9184AEE17E16}"
EndProject
Project("{FAE04EC0-301F-11D3-BF4B-00C04F79EFBC}") = "ThreadTest", "ThreadTest\ThreadTest.csproj", "{29897BDD-3F6C-4965-9BA0-983B671656D0}"
EndProject
Project("{FAE04EC0-301F-11D3-BF4B-00C04F79EFBC}") = "Inherit", "Inherit\Inherit.csproj", "{5A316135-605E-4C2C-BDD8-06154FC0C532}"
EndProject
Project("{FAE04EC0-301F-11D3-BF4B-00C04F79EFBC}") = "Async", "Async\Async.csproj", "{FA0D6585-5DB0-4ECA-B912-58CEB310517D}"
EndProject
Project("{FAE04EC0-301F-11D3-BF4B-00C04F79EFBC}") = "TaskTest", "TaskTest\TaskTest.csproj", "{C5225259-6CFF-4C80-9A4A-E6AFBA797971}"
EndProject
Project("{FAE04EC0-301F-11D3-BF4B-00C04F79EFBC}") = "ReptileGitBookInfo", "ReptileHTML\ReptileGitBookInfo.csproj", "{961A009A-E488-4A8F-BB31-AF29E8C07A97}"
EndProject
Project("{FAE04EC0-301F-11D3-BF4B-00C04F79EFBC}") = "TrueNewFile", "TrueNewFile\TrueNewFile.csproj", "{535F652F-CC93-4D5F-B010-F8CC092C50D7}"
EndProject
Global
	GlobalSection(SolutionConfigurationPlatforms) = preSolution
		Debug|Any CPU = Debug|Any CPU
		Debug|x86 = Debug|x86
		Release|Any CPU = Release|Any CPU
		Release|x86 = Release|x86
	EndGlobalSection
	GlobalSection(ProjectConfigurationPlatforms) = postSolution
		{6BE0371B-4DD6-4C02-9C87-CA23FD289C29}.Debug|Any CPU.ActiveCfg = Debug|Any CPU
		{6BE0371B-4DD6-4C02-9C87-CA23FD289C29}.Debug|Any CPU.Build.0 = Debug|Any CPU
		{6BE0371B-4DD6-4C02-9C87-CA23FD289C29}.Debug|x86.ActiveCfg = Debug|Any CPU
		{6BE0371B-4DD6-4C02-9C87-CA23FD289C29}.Debug|x86.Build.0 = Debug|Any CPU
		{6BE0371B-4DD6-4C02-9C87-CA23FD289C29}.Release|Any CPU.ActiveCfg = Release|Any CPU
		{6BE0371B-4DD6-4C02-9C87-CA23FD289C29}.Release|Any CPU.Build.0 = Release|Any CPU
		{6BE0371B-4DD6-4C02-9C87-CA23FD289C29}.Release|x86.ActiveCfg = Release|Any CPU
		{6BE0371B-4DD6-4C02-9C87-CA23FD289C29}.Release|x86.Build.0 = Release|Any CPU
		{320AC051-08E4-4100-AE90-0C2DD3B3C209}.Debug|Any CPU.ActiveCfg = Debug|Any CPU
		{320AC051-08E4-4100-AE90-0C2DD3B3C209}.Debug|Any CPU.Build.0 = Debug|Any CPU
		{320AC051-08E4-4100-AE90-0C2DD3B3C209}.Debug|x86.ActiveCfg = Debug|Any CPU
		{320AC051-08E4-4100-AE90-0C2DD3B3C209}.Debug|x86.Build.0 = Debug|Any CPU
		{320AC051-08E4-4100-AE90-0C2DD3B3C209}.Release|Any CPU.ActiveCfg = Release|Any CPU
		{320AC051-08E4-4100-AE90-0C2DD3B3C209}.Release|Any CPU.Build.0 = Release|Any CPU
		{320AC051-08E4-4100-AE90-0C2DD3B3C209}.Release|x86.ActiveCfg = Release|Any CPU
		{320AC051-08E4-4100-AE90-0C2DD3B3C209}.Release|x86.Build.0 = Release|Any CPU
		{31644CF6-6A91-4486-9F69-CEB9E85A825A}.Debug|Any CPU.ActiveCfg = Debug|Any CPU
		{31644CF6-6A91-4486-9F69-CEB9E85A825A}.Debug|Any CPU.Build.0 = Debug|Any CPU
		{31644CF6-6A91-4486-9F69-CEB9E85A825A}.Debug|x86.ActiveCfg = Debug|Any CPU
		{31644CF6-6A91-4486-9F69-CEB9E85A825A}.Debug|x86.Build.0 = Debug|Any CPU
		{31644CF6-6A91-4486-9F69-CEB9E85A825A}.Release|Any CPU.ActiveCfg = Release|Any CPU
		{31644CF6-6A91-4486-9F69-CEB9E85A825A}.Release|Any CPU.Build.0 = Release|Any CPU
		{31644CF6-6A91-4486-9F69-CEB9E85A825A}.Release|x86.ActiveCfg = Release|Any CPU
		{31644CF6-6A91-4486-9F69-CEB9E85A825A}.Release|x86.Build.0 = Release|Any CPU
		{4FD2DC0C-8B12-47DF-8A55-34A35FFC4DBA}.Debug|Any CPU.ActiveCfg = Debug|Any CPU
		{4FD2DC0C-8B12-47DF-8A55-34A35FFC4DBA}.Debug|Any CPU.Build.0 = Debug|Any CPU
		{4FD2DC0C-8B12-47DF-8A55-34A35FFC4DBA}.Debug|x86.ActiveCfg = Debug|Any CPU
		{4FD2DC0C-8B12-47DF-8A55-34A35FFC4DBA}.Debug|x86.Build.0 = Debug|Any CPU
		{4FD2DC0C-8B12-47DF-8A55-34A35FFC4DBA}.Release|Any CPU.ActiveCfg = Release|Any CPU
		{4FD2DC0C-8B12-47DF-8A55-34A35FFC4DBA}.Release|Any CPU.Build.0 = Release|Any CPU
		{4FD2DC0C-8B12-47DF-8A55-34A35FFC4DBA}.Release|x86.ActiveCfg = Release|Any CPU
		{4FD2DC0C-8B12-47DF-8A55-34A35FFC4DBA}.Release|x86.Build.0 = Release|Any CPU
		{6574D4C5-F4F2-4237-AFD1-17B3B16C275B}.Debug|Any CPU.ActiveCfg = Debug|Any CPU
		{6574D4C5-F4F2-4237-AFD1-17B3B16C275B}.Debug|Any CPU.Build.0 = Debug|Any CPU
		{6574D4C5-F4F2-4237-AFD1-17B3B16C275B}.Debug|x86.ActiveCfg = Debug|Any CPU
		{6574D4C5-F4F2-4237-AFD1-17B3B16C275B}.Debug|x86.Build.0 = Debug|Any CPU
		{6574D4C5-F4F2-4237-AFD1-17B3B16C275B}.Release|Any CPU.ActiveCfg = Release|Any CPU
		{6574D4C5-F4F2-4237-AFD1-17B3B16C275B}.Release|Any CPU.Build.0 = Release|Any CPU
		{6574D4C5-F4F2-4237-AFD1-17B3B16C275B}.Release|x86.ActiveCfg = Release|Any CPU
		{6574D4C5-F4F2-4237-AFD1-17B3B16C275B}.Release|x86.Build.0 = Release|Any CPU
		{FBDDDEB4-EADB-49B2-9D12-6F931432E34C}.Debug|Any CPU.ActiveCfg = Debug|Any CPU
		{FBDDDEB4-EADB-49B2-9D12-6F931432E34C}.Debug|Any CPU.Build.0 = Debug|Any CPU
		{FBDDDEB4-EADB-49B2-9D12-6F931432E34C}.Debug|x86.ActiveCfg = Debug|Any CPU
		{FBDDDEB4-EADB-49B2-9D12-6F931432E34C}.Debug|x86.Build.0 = Debug|Any CPU
		{FBDDDEB4-EADB-49B2-9D12-6F931432E34C}.Release|Any CPU.ActiveCfg = Release|Any CPU
		{FBDDDEB4-EADB-49B2-9D12-6F931432E34C}.Release|Any CPU.Build.0 = Release|Any CPU
		{FBDDDEB4-EADB-49B2-9D12-6F931432E34C}.Release|x86.ActiveCfg = Release|Any CPU
		{FBDDDEB4-EADB-49B2-9D12-6F931432E34C}.Release|x86.Build.0 = Release|Any CPU
		{FF603187-22F8-4CCD-B404-9184AEE17E16}.Debug|Any CPU.ActiveCfg = Debug|Any CPU
		{FF603187-22F8-4CCD-B404-9184AEE17E16}.Debug|Any CPU.Build.0 = Debug|Any CPU
		{FF603187-22F8-4CCD-B404-9184AEE17E16}.Debug|x86.ActiveCfg = Debug|Any CPU
		{FF603187-22F8-4CCD-B404-9184AEE17E16}.Debug|x86.Build.0 = Debug|Any CPU
		{FF603187-22F8-4CCD-B404-9184AEE17E16}.Release|Any CPU.ActiveCfg = Release|Any CPU
		{FF603187-22F8-4CCD-B404-9184AEE17E16}.Release|Any CPU.Build.0 = Release|Any CPU
		{FF603187-22F8-4CCD-B404-9184AEE17E16}.Release|x86.ActiveCfg = Release|Any CPU
		{FF603187-22F8-4CCD-B404-9184AEE17E16}.Release|x86.Build.0 = Release|Any CPU
		{29897BDD-3F6C-4965-9BA0-983B671656D0}.Debug|Any CPU.ActiveCfg = Debug|Any CPU
		{29897BDD-3F6C-4965-9BA0-983B671656D0}.Debug|Any CPU.Build.0 = Debug|Any CPU
		{29897BDD-3F6C-4965-9BA0-983B671656D0}.Debug|x86.ActiveCfg = Debug|Any CPU
		{29897BDD-3F6C-4965-9BA0-983B671656D0}.Debug|x86.Build.0 = Debug|Any CPU
		{29897BDD-3F6C-4965-9BA0-983B671656D0}.Release|Any CPU.ActiveCfg = Release|Any CPU
		{29897BDD-3F6C-4965-9BA0-983B671656D0}.Release|Any CPU.Build.0 = Release|Any CPU
		{29897BDD-3F6C-4965-9BA0-983B671656D0}.Release|x86.ActiveCfg = Release|Any CPU
		{29897BDD-3F6C-4965-9BA0-983B671656D0}.Release|x86.Build.0 = Release|Any CPU
		{5A316135-605E-4C2C-BDD8-06154FC0C532}.Debug|Any CPU.ActiveCfg = Debug|Any CPU
		{5A316135-605E-4C2C-BDD8-06154FC0C532}.Debug|Any CPU.Build.0 = Debug|Any CPU
		{5A316135-605E-4C2C-BDD8-06154FC0C532}.Debug|x86.ActiveCfg = Debug|Any CPU
		{5A316135-605E-4C2C-BDD8-06154FC0C532}.Debug|x86.Build.0 = Debug|Any CPU
		{5A316135-605E-4C2C-BDD8-06154FC0C532}.Release|Any CPU.ActiveCfg = Release|Any CPU
		{5A316135-605E-4C2C-BDD8-06154FC0C532}.Release|Any CPU.Build.0 = Release|Any CPU
		{5A316135-605E-4C2C-BDD8-06154FC0C532}.Release|x86.ActiveCfg = Release|Any CPU
		{5A316135-605E-4C2C-BDD8-06154FC0C532}.Release|x86.Build.0 = Release|Any CPU
		{FA0D6585-5DB0-4ECA-B912-58CEB310517D}.Debug|Any CPU.ActiveCfg = Debug|Any CPU
		{FA0D6585-5DB0-4ECA-B912-58CEB310517D}.Debug|Any CPU.Build.0 = Debug|Any CPU
		{FA0D6585-5DB0-4ECA-B912-58CEB310517D}.Debug|x86.ActiveCfg = Debug|Any CPU
		{FA0D6585-5DB0-4ECA-B912-58CEB310517D}.Debug|x86.Build.0 = Debug|Any CPU
		{FA0D6585-5DB0-4ECA-B912-58CEB310517D}.Release|Any CPU.ActiveCfg = Release|Any CPU
		{FA0D6585-5DB0-4ECA-B912-58CEB310517D}.Release|Any CPU.Build.0 = Release|Any CPU
		{FA0D6585-5DB0-4ECA-B912-58CEB310517D}.Release|x86.ActiveCfg = Release|Any CPU
		{FA0D6585-5DB0-4ECA-B912-58CEB310517D}.Release|x86.Build.0 = Release|Any CPU
		{C5225259-6CFF-4C80-9A4A-E6AFBA797971}.Debug|Any CPU.ActiveCfg = Debug|Any CPU
		{C5225259-6CFF-4C80-9A4A-E6AFBA797971}.Debug|Any CPU.Build.0 = Debug|Any CPU
		{C5225259-6CFF-4C80-9A4A-E6AFBA797971}.Debug|x86.ActiveCfg = Debug|Any CPU
		{C5225259-6CFF-4C80-9A4A-E6AFBA797971}.Debug|x86.Build.0 = Debug|Any CPU
		{C5225259-6CFF-4C80-9A4A-E6AFBA797971}.Release|Any CPU.ActiveCfg = Release|Any CPU
		{C5225259-6CFF-4C80-9A4A-E6AFBA797971}.Release|Any CPU.Build.0 = Release|Any CPU
		{C5225259-6CFF-4C80-9A4A-E6AFBA797971}.Release|x86.ActiveCfg = Release|Any CPU
		{C5225259-6CFF-4C80-9A4A-E6AFBA797971}.Release|x86.Build.0 = Release|Any CPU
		{961A009A-E488-4A8F-BB31-AF29E8C07A97}.Debug|Any CPU.ActiveCfg = Debug|Any CPU
		{961A009A-E488-4A8F-BB31-AF29E8C07A97}.Debug|Any CPU.Build.0 = Debug|Any CPU
		{961A009A-E488-4A8F-BB31-AF29E8C07A97}.Debug|x86.ActiveCfg = Debug|Any CPU
		{961A009A-E488-4A8F-BB31-AF29E8C07A97}.Debug|x86.Build.0 = Debug|Any CPU
		{961A009A-E488-4A8F-BB31-AF29E8C07A97}.Release|Any CPU.ActiveCfg = Release|Any CPU
		{961A009A-E488-4A8F-BB31-AF29E8C07A97}.Release|Any CPU.Build.0 = Release|Any CPU
		{961A009A-E488-4A8F-BB31-AF29E8C07A97}.Release|x86.ActiveCfg = Release|Any CPU
		{961A009A-E488-4A8F-BB31-AF29E8C07A97}.Release|x86.Build.0 = Release|Any CPU
		{535F652F-CC93-4D5F-B010-F8CC092C50D7}.Debug|Any CPU.ActiveCfg = Debug|Any CPU
		{535F652F-CC93-4D5F-B010-F8CC092C50D7}.Debug|Any CPU.Build.0 = Debug|Any CPU
		{535F652F-CC93-4D5F-B010-F8CC092C50D7}.Debug|x86.ActiveCfg = Debug|Any CPU
		{535F652F-CC93-4D5F-B010-F8CC092C50D7}.Debug|x86.Build.0 = Debug|Any CPU
		{535F652F-CC93-4D5F-B010-F8CC092C50D7}.Release|Any CPU.ActiveCfg = Release|Any CPU
		{535F652F-CC93-4D5F-B010-F8CC092C50D7}.Release|Any CPU.Build.0 = Release|Any CPU
		{535F652F-CC93-4D5F-B010-F8CC092C50D7}.Release|x86.ActiveCfg = Release|Any CPU
		{535F652F-CC93-4D5F-B010-F8CC092C50D7}.Release|x86.Build.0 = Release|Any CPU
	EndGlobalSection
	GlobalSection(SolutionProperties) = preSolution
		HideSolutionNode = FALSE
	EndGlobalSection
	GlobalSection(NestedProjects) = preSolution
		{6BE0371B-4DD6-4C02-9C87-CA23FD289C29} = {FC8B1195-D0C5-4897-8F3F-F9248C4CA00C}
		{320AC051-08E4-4100-AE90-0C2DD3B3C209} = {FC8B1195-D0C5-4897-8F3F-F9248C4CA00C}
		{31644CF6-6A91-4486-9F69-CEB9E85A825A} = {FC8B1195-D0C5-4897-8F3F-F9248C4CA00C}
		{6574D4C5-F4F2-4237-AFD1-17B3B16C275B} = {CC6E3357-34B7-4500-82A5-C1ACEBDF6688}
		{FBDDDEB4-EADB-49B2-9D12-6F931432E34C} = {CC6E3357-34B7-4500-82A5-C1ACEBDF6688}
		{FF603187-22F8-4CCD-B404-9184AEE17E16} = {CC6E3357-34B7-4500-82A5-C1ACEBDF6688}
		{29897BDD-3F6C-4965-9BA0-983B671656D0} = {CC6E3357-34B7-4500-82A5-C1ACEBDF6688}
		{5A316135-605E-4C2C-BDD8-06154FC0C532} = {CC6E3357-34B7-4500-82A5-C1ACEBDF6688}
		{FA0D6585-5DB0-4ECA-B912-58CEB310517D} = {CC6E3357-34B7-4500-82A5-C1ACEBDF6688}
		{C5225259-6CFF-4C80-9A4A-E6AFBA797971} = {FC8B1195-D0C5-4897-8F3F-F9248C4CA00C}
		{961A009A-E488-4A8F-BB31-AF29E8C07A97} = {FC8B1195-D0C5-4897-8F3F-F9248C4CA00C}
		{535F652F-CC93-4D5F-B010-F8CC092C50D7} = {FC8B1195-D0C5-4897-8F3F-F9248C4CA00C}
	EndGlobalSection
EndGlobal
